
Microsoft Visual Studio Solution File, Format Version 11.00
# Visual Studio 2010
Project("{FAE04EC0-301F-11D3-BF4B-00C04F79EFBC}") = "SINH TAI SINH LOC", "SINH TAI SINH LOC.csproj", "{E28D3AF9-7330-4DFD-80F7-564F719F1B3E}"
EndProject
Global
	GlobalSection(SolutionConfigurationPlatforms) = preSolution
		Debug|Any CPU = Debug|Any CPU
		Release|Any CPU = Release|Any CPU
	EndGlobalSection
	GlobalSection(ProjectConfigurationPlatforms) = postSolution
		{E28D3AF9-7330-4DFD-80F7-564F719F1B3E}.Debug|Any CPU.ActiveCfg = Debug|Any CPU
		{E28D3AF9-7330-4DFD-80F7-564F719F1B3E}.Debug|Any CPU.Build.0 = Debug|Any CPU
		{E28D3AF9-7330-4DFD-80F7-564F719F1B3E}.Release|Any CPU.ActiveCfg = Release|Any CPU
		{E28D3AF9-7330-4DFD-80F7-564F719F1B3E}.Release|Any CPU.Build.0 = Release|Any CPU
	EndGlobalSection
	GlobalSection(SolutionProperties) = preSolution
		HideSolutionNode = FALSE
	EndGlobalSection
EndGlobal
